// !$*UTF8*$!
{
	archiveVersion = 1;
	classes = {
	};
	objectVersion = 56;
	objects = {

/* Begin PBXBuildFile section */
		8329050F2A5FCE1400D3413C /* PersonCounterIOSApp.swift in Sources */ = {isa = PBXBuildFile; fileRef = 8329050E2A5FCE1400D3413C /* PersonCounterIOSApp.swift */; };
		832905112A5FCE1400D3413C /* ContentView.swift in Sources */ = {isa = PBXBuildFile; fileRef = 832905102A5FCE1400D3413C /* ContentView.swift */; };
		832905132A5FCE1600D3413C /* Assets.xcassets in Resources */ = {isa = PBXBuildFile; fileRef = 832905122A5FCE1600D3413C /* Assets.xcassets */; };
		832905162A5FCE1600D3413C /* Preview Assets.xcassets in Resources */ = {isa = PBXBuildFile; fileRef = 832905152A5FCE1600D3413C /* Preview Assets.xcassets */; };
		8329051D2A5FCE3400D3413C /* ViewController.swift in Sources */ = {isa = PBXBuildFile; fileRef = 8329051C2A5FCE3400D3413C /* ViewController.swift */; };
		8329051F2A5FCE5800D3413C /* Detector.swift in Sources */ = {isa = PBXBuildFile; fileRef = 8329051E2A5FCE5800D3413C /* Detector.swift */; };
		832905212A5FCE6F00D3413C /* YOLOv3.mlmodel in Sources */ = {isa = PBXBuildFile; fileRef = 832905202A5FCE6F00D3413C /* YOLOv3.mlmodel */; };
		832905232A5FE61C00D3413C /* Storage.swift in Sources */ = {isa = PBXBuildFile; fileRef = 832905222A5FE61C00D3413C /* Storage.swift */; };
		832905252A5FE66B00D3413C /* GoogleService-Info.plist in Resources */ = {isa = PBXBuildFile; fileRef = 832905242A5FE66B00D3413C /* GoogleService-Info.plist */; };
		832905282A5FE74500D3413C /* FirebaseDatabase in Frameworks */ = {isa = PBXBuildFile; productRef = 832905272A5FE74500D3413C /* FirebaseDatabase */; };
		8329052A2A5FE74500D3413C /* FirebaseDatabaseSwift in Frameworks */ = {isa = PBXBuildFile; productRef = 832905292A5FE74500D3413C /* FirebaseDatabaseSwift */; };
/* End PBXBuildFile section */

/* Begin PBXFileReference section */
		8329050B2A5FCE1400D3413C /* PersonCounterIOS.app */ = {isa = PBXFileReference; explicitFileType = wrapper.application; includeInIndex = 0; path = PersonCounterIOS.app; sourceTree = BUILT_PRODUCTS_DIR; };
		8329050E2A5FCE1400D3413C /* PersonCounterIOSApp.swift */ = {isa = PBXFileReference; lastKnownFileType = sourcecode.swift; path = PersonCounterIOSApp.swift; sourceTree = "<group>"; };
		832905102A5FCE1400D3413C /* ContentView.swift */ = {isa = PBXFileReference; lastKnownFileType = sourcecode.swift; path = ContentView.swift; sourceTree = "<group>"; };
		832905122A5FCE1600D3413C /* Assets.xcassets */ = {isa = PBXFileReference; lastKnownFileType = folder.assetcatalog; path = Assets.xcassets; sourceTree = "<group>"; };
		832905152A5FCE1600D3413C /* Preview Assets.xcassets */ = {isa = PBXFileReference; lastKnownFileType = folder.assetcatalog; path = "Preview Assets.xcassets"; sourceTree = "<group>"; };
		8329051C2A5FCE3400D3413C /* ViewController.swift */ = {isa = PBXFileReference; lastKnownFileType = sourcecode.swift; path = ViewController.swift; sourceTree = "<group>"; };
		8329051E2A5FCE5800D3413C /* Detector.swift */ = {isa = PBXFileReference; lastKnownFileType = sourcecode.swift; path = Detector.swift; sourceTree = "<group>"; };
		832905202A5FCE6F00D3413C /* YOLOv3.mlmodel */ = {isa = PBXFileReference; lastKnownFileType = file.mlmodel; path = YOLOv3.mlmodel; sourceTree = "<group>"; };
		832905222A5FE61C00D3413C /* Storage.swift */ = {isa = PBXFileReference; lastKnownFileType = sourcecode.swift; path = Storage.swift; sourceTree = "<group>"; };
		832905242A5FE66B00D3413C /* GoogleService-Info.plist */ = {isa = PBXFileReference; fileEncoding = 4; lastKnownFileType = text.plist.xml; path = "GoogleService-Info.plist"; sourceTree = "<group>"; };
		8329054F2A5FF51E00D3413C /* Info.plist */ = {isa = PBXFileReference; lastKnownFileType = text.plist; path = Info.plist; sourceTree = "<group>"; };
/* End PBXFileReference section */

/* Begin PBXFrameworksBuildPhase section */
		832905082A5FCE1400D3413C /* Frameworks */ = {
			isa = PBXFrameworksBuildPhase;
			buildActionMask = 2147483647;
			files = (
				8329052A2A5FE74500D3413C /* FirebaseDatabaseSwift in Frameworks */,
				832905282A5FE74500D3413C /* FirebaseDatabase in Frameworks */,
			);
			runOnlyForDeploymentPostprocessing = 0;
		};
/* End PBXFrameworksBuildPhase section */

/* Begin PBXGroup section */
		832905022A5FCE1400D3413C = {
			isa = PBXGroup;
			children = (
				8329050D2A5FCE1400D3413C /* PersonCounterIOS */,
				8329050C2A5FCE1400D3413C /* Products */,
			);
			sourceTree = "<group>";
		};
		8329050C2A5FCE1400D3413C /* Products */ = {
			isa = PBXGroup;
			children = (
				8329050B2A5FCE1400D3413C /* PersonCounterIOS.app */,
			);
			name = Products;
			sourceTree = "<group>";
		};
		8329050D2A5FCE1400D3413C /* PersonCounterIOS */ = {
			isa = PBXGroup;
			children = (
				8329054F2A5FF51E00D3413C /* Info.plist */,
				8329050E2A5FCE1400D3413C /* PersonCounterIOSApp.swift */,
				832905102A5FCE1400D3413C /* ContentView.swift */,
				832905202A5FCE6F00D3413C /* YOLOv3.mlmodel */,
				832905122A5FCE1600D3413C /* Assets.xcassets */,
				832905142A5FCE1600D3413C /* Preview Content */,
				8329051C2A5FCE3400D3413C /* ViewController.swift */,
				8329051E2A5FCE5800D3413C /* Detector.swift */,
				832905222A5FE61C00D3413C /* Storage.swift */,
				832905242A5FE66B00D3413C /* GoogleService-Info.plist */,
			);
			path = PersonCounterIOS;
			sourceTree = "<group>";
		};
		832905142A5FCE1600D3413C /* Preview Content */ = {
			isa = PBXGroup;
			children = (
				832905152A5FCE1600D3413C /* Preview Assets.xcassets */,
			);
			path = "Preview Content";
			sourceTree = "<group>";
		};
/* End PBXGroup section */

/* Begin PBXNativeTarget section */
		8329050A2A5FCE1400D3413C /* PersonCounterIOS */ = {
			isa = PBXNativeTarget;
			buildConfigurationList = 832905192A5FCE1600D3413C /* Build configuration list for PBXNativeTarget "PersonCounterIOS" */;
			buildPhases = (
				832905072A5FCE1400D3413C /* Sources */,
				832905082A5FCE1400D3413C /* Frameworks */,
				832905092A5FCE1400D3413C /* Resources */,
			);
			buildRules = (
			);
			dependencies = (
			);
			name = PersonCounterIOS;
			packageProductDependencies = (
				832905272A5FE74500D3413C /* FirebaseDatabase */,
				832905292A5FE74500D3413C /* FirebaseDatabaseSwift */,
			);
			productName = PersonCounterIOS;
			productReference = 8329050B2A5FCE1400D3413C /* PersonCounterIOS.app */;
			productType = "com.apple.product-type.application";
		};
/* End PBXNativeTarget section */

/* Begin PBXProject section */
		832905032A5FCE1400D3413C /* Project object */ = {
			isa = PBXProject;
			attributes = {
				BuildIndependentTargetsInParallel = 1;
				LastSwiftUpdateCheck = 1430;
				LastUpgradeCheck = 1430;
				TargetAttributes = {
					8329050A2A5FCE1400D3413C = {
						CreatedOnToolsVersion = 14.3;
					};
				};
			};
			buildConfigurationList = 832905062A5FCE1400D3413C /* Build configuration list for PBXProject "PersonCounterIOS" */;
			compatibilityVersion = "Xcode 14.0";
			developmentRegion = en;
			hasScannedForEncodings = 0;
			knownRegions = (
				en,
				Base,
			);
			mainGroup = 832905022A5FCE1400D3413C;
			packageReferences = (
				832905262A5FE74500D3413C /* XCRemoteSwiftPackageReference "firebase-ios-sdk" */,
			);
			productRefGroup = 8329050C2A5FCE1400D3413C /* Products */;
			projectDirPath = "";
			projectRoot = "";
			targets = (
				8329050A2A5FCE1400D3413C /* PersonCounterIOS */,
			);
		};
/* End PBXProject section */

/* Begin PBXResourcesBuildPhase section */
		832905092A5FCE1400D3413C /* Resources */ = {
			isa = PBXResourcesBuildPhase;
			buildActionMask = 2147483647;
			files = (
				832905162A5FCE1600D3413C /* Preview Assets.xcassets in Resources */,
				832905132A5FCE1600D3413C /* Assets.xcassets in Resources */,
				832905252A5FE66B00D3413C /* GoogleService-Info.plist in Resources */,
			);
			runOnlyForDeploymentPostprocessing = 0;
		};
/* End PBXResourcesBuildPhase section */

/* Begin PBXSourcesBuildPhase section */
		832905072A5FCE1400D3413C /* Sources */ = {
			isa = PBXSourcesBuildPhase;
			buildActionMask = 2147483647;
			files = (
				832905212A5FCE6F00D3413C /* YOLOv3.mlmodel in Sources */,
				8329051D2A5FCE3400D3413C /* ViewController.swift in Sources */,
				832905112A5FCE1400D3413C /* ContentView.swift in Sources */,
				8329050F2A5FCE1400D3413C /* PersonCounterIOSApp.swift in Sources */,
				8329051F2A5FCE5800D3413C /* Detector.swift in Sources */,
				832905232A5FE61C00D3413C /* Storage.swift in Sources */,
			);
			runOnlyForDeploymentPostprocessing = 0;
		};
/* End PBXSourcesBuildPhase section */

/* Begin XCBuildConfiguration section */
		832905172A5FCE1600D3413C /* Debug */ = {
			isa = XCBuildConfiguration;
			buildSettings = {
				ALWAYS_SEARCH_USER_PATHS = NO;
				CLANG_ANALYZER_NONNULL = YES;
				CLANG_ANALYZER_NUMBER_OBJECT_CONVERSION = YES_AGGRESSIVE;
				CLANG_CXX_LANGUAGE_STANDARD = "gnu++20";
				CLANG_ENABLE_MODULES = YES;
				CLANG_ENABLE_OBJC_ARC = YES;
				CLANG_ENABLE_OBJC_WEAK = YES;
				CLANG_WARN_BLOCK_CAPTURE_AUTORELEASING = YES;
				CLANG_WARN_BOOL_CONVERSION = YES;
				CLANG_WARN_COMMA = YES;
				CLANG_WARN_CONSTANT_CONVERSION = YES;
				CLANG_WARN_DEPRECATED_OBJC_IMPLEMENTATIONS = YES;
				CLANG_WARN_DIRECT_OBJC_ISA_USAGE = YES_ERROR;
				CLANG_WARN_DOCUMENTATION_COMMENTS = YES;
				CLANG_WARN_EMPTY_BODY = YES;
				CLANG_WARN_ENUM_CONVERSION = YES;
				CLANG_WARN_INFINITE_RECURSION = YES;
				CLANG_WARN_INT_CONVERSION = YES;
				CLANG_WARN_NON_LITERAL_NULL_CONVERSION = YES;
				CLANG_WARN_OBJC_IMPLICIT_RETAIN_SELF = YES;
				CLANG_WARN_OBJC_LITERAL_CONVERSION = YES;
				CLANG_WARN_OBJC_ROOT_CLASS = YES_ERROR;
				CLANG_WARN_QUOTED_INCLUDE_IN_FRAMEWORK_HEADER = YES;
				CLANG_WARN_RANGE_LOOP_ANALYSIS = YES;
				CLANG_WARN_STRICT_PROTOTYPES = YES;
				CLANG_WARN_SUSPICIOUS_MOVE = YES;
				CLANG_WARN_UNGUARDED_AVAILABILITY = YES_AGGRESSIVE;
				CLANG_WARN_UNREACHABLE_CODE = YES;
				CLANG_WARN__DUPLICATE_METHOD_MATCH = YES;
				COPY_PHASE_STRIP = NO;
				DEBUG_INFORMATION_FORMAT = dwarf;
				ENABLE_STRICT_OBJC_MSGSEND = YES;
				ENABLE_TESTABILITY = YES;
				GCC_C_LANGUAGE_STANDARD = gnu11;
				GCC_DYNAMIC_NO_PIC = NO;
				GCC_NO_COMMON_BLOCKS = YES;
				GCC_OPTIMIZATION_LEVEL = 0;
				GCC_PREPROCESSOR_DEFINITIONS = (
					"DEBUG=1",
					"$(inherited)",
				);
				GCC_WARN_64_TO_32_BIT_CONVERSION = YES;
				GCC_WARN_ABOUT_RETURN_TYPE = YES_ERROR;
				GCC_WARN_UNDECLARED_SELECTOR = YES;
				GCC_WARN_UNINITIALIZED_AUTOS = YES_AGGRESSIVE;
				GCC_WARN_UNUSED_FUNCTION = YES;
				GCC_WARN_UNUSED_VARIABLE = YES;
				IPHONEOS_DEPLOYMENT_TARGET = 16.4;
				MTL_ENABLE_DEBUG_INFO = INCLUDE_SOURCE;
				MTL_FAST_MATH = YES;
				ONLY_ACTIVE_ARCH = YES;
				SDKROOT = iphoneos;
				SWIFT_ACTIVE_COMPILATION_CONDITIONS = DEBUG;
				SWIFT_OPTIMIZATION_LEVEL = "-Onone";
			};
			name = Debug;
		};
		832905182A5FCE1600D3413C /* Release */ = {
			isa = XCBuildConfiguration;
			buildSettings = {
				ALWAYS_SEARCH_USER_PATHS = NO;
				CLANG_ANALYZER_NONNULL = YES;
				CLANG_ANALYZER_NUMBER_OBJECT_CONVERSION = YES_AGGRESSIVE;
				CLANG_CXX_LANGUAGE_STANDARD = "gnu++20";
				CLANG_ENABLE_MODULES = YES;
				CLANG_ENABLE_OBJC_ARC = YES;
				CLANG_ENABLE_OBJC_WEAK = YES;
				CLANG_WARN_BLOCK_CAPTURE_AUTORELEASING = YES;
				CLANG_WARN_BOOL_CONVERSION = YES;
				CLANG_WARN_COMMA = YES;
				CLANG_WARN_CONSTANT_CONVERSION = YES;
				CLANG_WARN_DEPRECATED_OBJC_IMPLEMENTATIONS = YES;
				CLANG_WARN_DIRECT_OBJC_ISA_USAGE = YES_ERROR;
				CLANG_WARN_DOCUMENTATION_COMMENTS = YES;
				CLANG_WARN_EMPTY_BODY = YES;
				CLANG_WARN_ENUM_CONVERSION = YES;
				CLANG_WARN_INFINITE_RECURSION = YES;
				CLANG_WARN_INT_CONVERSION = YES;
				CLANG_WARN_NON_LITERAL_NULL_CONVERSION = YES;
				CLANG_WARN_OBJC_IMPLICIT_RETAIN_SELF = YES;
				CLANG_WARN_OBJC_LITERAL_CONVERSION = YES;
				CLANG_WARN_OBJC_ROOT_CLASS = YES_ERROR;
				CLANG_WARN_QUOTED_INCLUDE_IN_FRAMEWORK_HEADER = YES;
				CLANG_WARN_RANGE_LOOP_ANALYSIS = YES;
				CLANG_WARN_STRICT_PROTOTYPES = YES;
				CLANG_WARN_SUSPICIOUS_MOVE = YES;
				CLANG_WARN_UNGUARDED_AVAILABILITY = YES_AGGRESSIVE;
				CLANG_WARN_UNREACHABLE_CODE = YES;
				CLANG_WARN__DUPLICATE_METHOD_MATCH = YES;
				COPY_PHASE_STRIP = NO;
				DEBUG_INFORMATION_FORMAT = "dwarf-with-dsym";
				ENABLE_NS_ASSERTIONS = NO;
				ENABLE_STRICT_OBJC_MSGSEND = YES;
				GCC_C_LANGUAGE_STANDARD = gnu11;
				GCC_NO_COMMON_BLOCKS = YES;
				GCC_WARN_64_TO_32_BIT_CONVERSION = YES;
				GCC_WARN_ABOUT_RETURN_TYPE = YES_ERROR;
				GCC_WARN_UNDECLARED_SELECTOR = YES;
				GCC_WARN_UNINITIALIZED_AUTOS = YES_AGGRESSIVE;
				GCC_WARN_UNUSED_FUNCTION = YES;
				GCC_WARN_UNUSED_VARIABLE = YES;
				IPHONEOS_DEPLOYMENT_TARGET = 16.4;
				MTL_ENABLE_DEBUG_INFO = NO;
				MTL_FAST_MATH = YES;
				SDKROOT = iphoneos;
				SWIFT_COMPILATION_MODE = wholemodule;
				SWIFT_OPTIMIZATION_LEVEL = "-O";
				VALIDATE_PRODUCT = YES;
			};
			name = Release;
		};
		8329051A2A5FCE1600D3413C /* Debug */ = {
			isa = XCBuildConfiguration;
			buildSettings = {
				ASSETCATALOG_COMPILER_APPICON_NAME = AppIcon;
				ASSETCATALOG_COMPILER_GLOBAL_ACCENT_COLOR_NAME = AccentColor;
				CODE_SIGN_STYLE = Automatic;
				CURRENT_PROJECT_VERSION = 1;
				DEVELOPMENT_ASSET_PATHS = "\"PersonCounterIOS/Preview Content\"";
				DEVELOPMENT_TEAM = 8B7DH7AN2U;
				ENABLE_PREVIEWS = YES;
				GENERATE_INFOPLIST_FILE = YES;
				INFOPLIST_FILE = PersonCounterIOS/Info.plist;
				INFOPLIST_KEY_NSCameraUsageDescription = "This app will use camera.";
				INFOPLIST_KEY_UIApplicationSceneManifest_Generation = YES;
				INFOPLIST_KEY_UIApplicationSupportsIndirectInputEvents = YES;
				INFOPLIST_KEY_UILaunchScreen_Generation = YES;
				INFOPLIST_KEY_UISupportedInterfaceOrientations_iPad = "UIInterfaceOrientationPortrait UIInterfaceOrientationPortraitUpsideDown UIInterfaceOrientationLandscapeLeft UIInterfaceOrientationLandscapeRight";
				INFOPLIST_KEY_UISupportedInterfaceOrientations_iPhone = "UIInterfaceOrientationPortrait UIInterfaceOrientationLandscapeLeft UIInterfaceOrientationLandscapeRight";
				LD_RUNPATH_SEARCH_PATHS = (
					"$(inherited)",
					"@executable_path/Frameworks",
				);
				MARKETING_VERSION = 1.0;
				PRODUCT_BUNDLE_IDENTIFIER = com.exacode.PersonCounterIOS;
				PRODUCT_NAME = "$(TARGET_NAME)";
				SWIFT_EMIT_LOC_STRINGS = YES;
				SWIFT_VERSION = 5.0;
				TARGETED_DEVICE_FAMILY = "1,2";
			};
			name = Debug;
		};
		8329051B2A5FCE1600D3413C /* Release */ = {
			isa = XCBuildConfiguration;
			buildSettings = {
				ASSETCATALOG_COMPILER_APPICON_NAME = AppIcon;
				ASSETCATALOG_COMPILER_GLOBAL_ACCENT_COLOR_NAME = AccentColor;
				CODE_SIGN_STYLE = Automatic;
				CURRENT_PROJECT_VERSION = 1;
				DEVELOPMENT_ASSET_PATHS = "\"PersonCounterIOS/Preview Content\"";
				DEVELOPMENT_TEAM = 8B7DH7AN2U;
				ENABLE_PREVIEWS = YES;
				GENERATE_INFOPLIST_FILE = YES;
				INFOPLIST_FILE = PersonCounterIOS/Info.plist;
				INFOPLIST_KEY_NSCameraUsageDescription = "This app will use camera.";
				INFOPLIST_KEY_UIApplicationSceneManifest_Generation = YES;
				INFOPLIST_KEY_UIApplicationSupportsIndirectInputEvents = YES;
				INFOPLIST_KEY_UILaunchScreen_Generation = YES;
				INFOPLIST_KEY_UISupportedInterfaceOrientations_iPad = "UIInterfaceOrientationPortrait UIInterfaceOrientationPortraitUpsideDown UIInterfaceOrientationLandscapeLeft UIInterfaceOrientationLandscapeRight";
				INFOPLIST_KEY_UISupportedInterfaceOrientations_iPhone = "UIInterfaceOrientationPortrait UIInterfaceOrientationLandscapeLeft UIInterfaceOrientationLandscapeRight";
				LD_RUNPATH_SEARCH_PATHS = (
					"$(inherited)",
					"@executable_path/Frameworks",
				);
				MARKETING_VERSION = 1.0;
				PRODUCT_BUNDLE_IDENTIFIER = com.exacode.PersonCounterIOS;
				PRODUCT_NAME = "$(TARGET_NAME)";
				SWIFT_EMIT_LOC_STRINGS = YES;
				SWIFT_VERSION = 5.0;
				TARGETED_DEVICE_FAMILY = "1,2";
			};
			name = Release;
		};
/* End XCBuildConfiguration section */

/* Begin XCConfigurationList section */
		832905062A5FCE1400D3413C /* Build configuration list for PBXProject "PersonCounterIOS" */ = {
			isa = XCConfigurationList;
			buildConfigurations = (
				832905172A5FCE1600D3413C /* Debug */,
				832905182A5FCE1600D3413C /* Release */,
			);
			defaultConfigurationIsVisible = 0;
			defaultConfigurationName = Release;
		};
		832905192A5FCE1600D3413C /* Build configuration list for PBXNativeTarget "PersonCounterIOS" */ = {
			isa = XCConfigurationList;
			buildConfigurations = (
				8329051A2A5FCE1600D3413C /* Debug */,
				8329051B2A5FCE1600D3413C /* Release */,
			);
			defaultConfigurationIsVisible = 0;
			defaultConfigurationName = Release;
		};
/* End XCConfigurationList section */

/* Begin XCRemoteSwiftPackageReference section */
		832905262A5FE74500D3413C /* XCRemoteSwiftPackageReference "firebase-ios-sdk" */ = {
			isa = XCRemoteSwiftPackageReference;
			repositoryURL = "https://github.com/firebase/firebase-ios-sdk";
			requirement = {
				kind = upToNextMajorVersion;
				minimumVersion = 10.0.0;
			};
		};
/* End XCRemoteSwiftPackageReference section */

/* Begin XCSwiftPackageProductDependency section */
		832905272A5FE74500D3413C /* FirebaseDatabase */ = {
			isa = XCSwiftPackageProductDependency;
			package = 832905262A5FE74500D3413C /* XCRemoteSwiftPackageReference "firebase-ios-sdk" */;
			productName = FirebaseDatabase;
		};
		832905292A5FE74500D3413C /* FirebaseDatabaseSwift */ = {
			isa = XCSwiftPackageProductDependency;
			package = 832905262A5FE74500D3413C /* XCRemoteSwiftPackageReference "firebase-ios-sdk" */;
			productName = FirebaseDatabaseSwift;
		};
/* End XCSwiftPackageProductDependency section */
	};
	rootObject = 832905032A5FCE1400D3413C /* Project object */;
}
